
Microsoft Visual Studio Solution File, Format Version 12.00
# Visual Studio Version 17
VisualStudioVersion = 17.14.36616.10 d17.14
MinimumVisualStudioVersion = 10.0.40219.1
Project("{FAE04EC0-301F-11D3-BF4B-00C04F79EFBC}") = "AsistenciaGR", "AsistenciaGR.csproj", "{9C773058-09DA-4A03-A509-D81A6C186731}"
EndProject
Global
	GlobalSection(SolutionConfigurationPlatforms) = preSolution
		Debug|Any CPU = Debug|Any CPU
		Release|Any CPU = Release|Any CPU
	EndGlobalSection
	GlobalSection(ProjectConfigurationPlatforms) = postSolution
		{9C773058-09DA-4A03-A509-D81A6C186731}.Debug|Any CPU.ActiveCfg = Debug|Any CPU
		{9C773058-09DA-4A03-A509-D81A6C186731}.Debug|Any CPU.Build.0 = Debug|Any CPU
		{9C773058-09DA-4A03-A509-D81A6C186731}.Release|Any CPU.ActiveCfg = Release|Any CPU
		{9C773058-09DA-4A03-A509-D81A6C186731}.Release|Any CPU.Build.0 = Release|Any CPU
	EndGlobalSection
	GlobalSection(SolutionProperties) = preSolution
		HideSolutionNode = FALSE
	EndGlobalSection
	GlobalSection(ExtensibilityGlobals) = postSolution
		SolutionGuid = {3AB62779-214C-48E9-99A4-FFF449B9F3A4}
	EndGlobalSection
EndGlobal
